
Microsoft Visual Studio Solution File, Format Version 12.00
# Visual Studio Version 17
VisualStudioVersion = 17.14.36221.1 d17.14
MinimumVisualStudioVersion = 10.0.40219.1
Project("{FAE04EC0-301F-11D3-BF4B-00C04F79EFBC}") = "ABCCarTradersApp", "ABCCarTradersApp.csproj", "{618DA6AC-6FA7-4460-93D7-9FF7F5AABD5E}"
EndProject
Global
	GlobalSection(SolutionConfigurationPlatforms) = preSolution
		Debug|Any CPU = Debug|Any CPU
		Release|Any CPU = Release|Any CPU
	EndGlobalSection
	GlobalSection(ProjectConfigurationPlatforms) = postSolution
		{618DA6AC-6FA7-4460-93D7-9FF7F5AABD5E}.Debug|Any CPU.ActiveCfg = Debug|Any CPU
		{618DA6AC-6FA7-4460-93D7-9FF7F5AABD5E}.Debug|Any CPU.Build.0 = Debug|Any CPU
		{618DA6AC-6FA7-4460-93D7-9FF7F5AABD5E}.Release|Any CPU.ActiveCfg = Release|Any CPU
		{618DA6AC-6FA7-4460-93D7-9FF7F5AABD5E}.Release|Any CPU.Build.0 = Release|Any CPU
	EndGlobalSection
	GlobalSection(SolutionProperties) = preSolution
		HideSolutionNode = FALSE
	EndGlobalSection
	GlobalSection(ExtensibilityGlobals) = postSolution
		SolutionGuid = {F9949C36-97FF-47D7-909B-F478D63BF9F1}
	EndGlobalSection
EndGlobal
